
Microsoft Visual Studio Solution File, Format Version 12.00
# Visual Studio Version 17
VisualStudioVersion = 17.11.35327.3
MinimumVisualStudioVersion = 10.0.40219.1
Project("{8BC9CEB8-8B4A-11D0-8D11-00A0C91BC942}") = "AoC_day 15", "AoC_day 15\AoC_day 15.vcxproj", "{FBDCA365-D308-49F5-9B04-FCBA622F1DCD}"
EndProject
Global
	GlobalSection(SolutionConfigurationPlatforms) = preSolution
		Debug|x64 = Debug|x64
		Debug|x86 = Debug|x86
		Release|x64 = Release|x64
		Release|x86 = Release|x86
	EndGlobalSection
	GlobalSection(ProjectConfigurationPlatforms) = postSolution
		{FBDCA365-D308-49F5-9B04-FCBA622F1DCD}.Debug|x64.ActiveCfg = Debug|x64
		{FBDCA365-D308-49F5-9B04-FCBA622F1DCD}.Debug|x64.Build.0 = Debug|x64
		{FBDCA365-D308-49F5-9B04-FCBA622F1DCD}.Debug|x86.ActiveCfg = Debug|Win32
		{FBDCA365-D308-49F5-9B04-FCBA622F1DCD}.Debug|x86.Build.0 = Debug|Win32
		{FBDCA365-D308-49F5-9B04-FCBA622F1DCD}.Release|x64.ActiveCfg = Release|x64
		{FBDCA365-D308-49F5-9B04-FCBA622F1DCD}.Release|x64.Build.0 = Release|x64
		{FBDCA365-D308-49F5-9B04-FCBA622F1DCD}.Release|x86.ActiveCfg = Release|Win32
		{FBDCA365-D308-49F5-9B04-FCBA622F1DCD}.Release|x86.Build.0 = Release|Win32
	EndGlobalSection
	GlobalSection(SolutionProperties) = preSolution
		HideSolutionNode = FALSE
	EndGlobalSection
	GlobalSection(ExtensibilityGlobals) = postSolution
		SolutionGuid = {110E3C0A-191E-4C49-B092-E355028CDE70}
	EndGlobalSection
EndGlobal
